<?xml version="1.0" encoding="utf-8"?>
<Project ToolsVersion="4.0" xmlns="http://schemas.microsoft.com/developer/msbuild/2003">
  <ItemGroup>
    <Filter Include="Mana">
      <UniqueIdentifier>{E2F3887C-CE2A-8A0D-7717-7010632D060F}</UniqueIdentifier>
    </Filter>
    <Filter Include="Mana\Events">
      <UniqueIdentifier>{862D2DEE-F2E2-A5E3-7BD7-9FBAE78B9CE7}</UniqueIdentifier>
    </Filter>
  </ItemGroup>
  <ItemGroup>
    <ClInclude Include="src\Mana.h" />
    <ClInclude Include="src\Mana\Application.h">
      <Filter>Mana</Filter>
    </ClInclude>
    <ClInclude Include="src\Mana\EntryPoint.h">
      <Filter>Mana</Filter>
    </ClInclude>
    <ClInclude Include="src\Mana\Events\ApplicationEvent.h">
      <Filter>Mana\Events</Filter>
    </ClInclude>
    <ClInclude Include="src\Mana\Events\Event.h">
      <Filter>Mana\Events</Filter>
    </ClInclude>
    <ClInclude Include="src\Mana\Events\KeyEvent.h">
      <Filter>Mana\Events</Filter>
    </ClInclude>
    <ClInclude Include="src\Mana\Events\MouseEvent.h">
      <Filter>Mana\Events</Filter>
    </ClInclude>
    <ClInclude Include="src\Mana\Log.h">
      <Filter>Mana</Filter>
    </ClInclude>
    <ClInclude Include="src\Mana\core.h">
      <Filter>Mana</Filter>
    </ClInclude>
    <ClInclude Include="src\mapch.h" />
    <ClInclude Include="src\Mana\Window.h" />
    <ClInclude Include="src\Platform\Windows\WindowsWindow.h" />
  </ItemGroup>
  <ItemGroup>
    <ClCompile Include="src\Mana\Application.cpp">
      <Filter>Mana</Filter>
    </ClCompile>
    <ClCompile Include="src\Mana\Log.cpp">
      <Filter>Mana</Filter>
    </ClCompile>
    <ClCompile Include="src\mapch.cpp" />
    <ClCompile Include="src\Platform\Windows\WindowsWindow.cpp" />
  </ItemGroup>
</Project>